{
  "lockfileVersion": 1,
  "configVersion": 0,
  "workspaces": {
    "": {
      "name": "bldrwnsch",
      "dependencies": {
        "ol": "^10.5.0",
        "ol-ext": "^4.0.31",
        "ol-pmtiles": "^2.0.2",
      },
      "devDependencies": {
        "@types/geojson": "^7946.0.16",
        "husky": "^9.1.7",
        "oxfmt": "^0.20.0",
        "vite": "^8.0.0-beta.4",
      },
    },
  },
  "packages": {
    "@emnapi/core": ["@emnapi/core@1.7.1", "", { "dependencies": { "@emnapi/wasi-threads": "1.1.0", "tslib": "^2.4.0" } }, "sha512-o1uhUASyo921r2XtHYOHy7gdkGLge8ghBEQHMWmyJFoXlpU58kIrhhN3w26lpQb6dspetweapMn2CSNwQ8I4wg=="],

    "@emnapi/runtime": ["@emnapi/runtime@1.7.1", "", { "dependencies": { "tslib": "^2.4.0" } }, "sha512-PVtJr5CmLwYAU9PZDMITZoR5iAOShYREoR45EyyLrbntV50mdePTgUn4AmOw90Ifcj+x2kRjdzr1HP3RrNiHGA=="],

    "@emnapi/wasi-threads": ["@emnapi/wasi-threads@1.1.0", "", { "dependencies": { "tslib": "^2.4.0" } }, "sha512-WI0DdZ8xFSbgMjR1sFsKABJ/C5OnRrjT06JXbZKexJGrDuPTzZdDYfFlsgcCXCyf+suG5QU2e/y1Wo2V/OapLQ=="],

    "@napi-rs/wasm-runtime": ["@napi-rs/wasm-runtime@1.1.0", "", { "dependencies": { "@emnapi/core": "^1.7.1", "@emnapi/runtime": "^1.7.1", "@tybys/wasm-util": "^0.10.1" } }, "sha512-Fq6DJW+Bb5jaWE69/qOE0D1TUN9+6uWhCeZpdnSBk14pjLcCWR7Q8n49PTSPHazM37JqrsdpEthXy2xn6jWWiA=="],

    "@oxc-project/runtime": ["@oxc-project/runtime@0.103.0", "", {}, "sha512-sQKZo5lLS1/yzbsVlZ+zaQorOkLe3OkQjyyMN29tMvCax5e5Sa9uUYKChDDMR4D41n6ApEazMN2UcIwFdHgS7g=="],

    "@oxc-project/types": ["@oxc-project/types@0.103.0", "", {}, "sha512-bkiYX5kaXWwUessFRSoXFkGIQTmc6dLGdxuRTrC+h8PSnIdZyuXHHlLAeTmOue5Br/a0/a7dHH0Gca6eXn9MKg=="],

    "@oxfmt/darwin-arm64": ["@oxfmt/darwin-arm64@0.20.0", "", { "os": "darwin", "cpu": "arm64" }, "sha512-bjR5dqvrd9gxKYfYR0ljUu3/T3+TuDVWcwA7d+tsfmx9lqidlw3zhgBTblnjF1mrd1zkPMoc5zzq86GeSEt1cA=="],

    "@oxfmt/darwin-x64": ["@oxfmt/darwin-x64@0.20.0", "", { "os": "darwin", "cpu": "x64" }, "sha512-esUDes8FlJX3IY4TVjFLgZrnZlIIyPDlhkCaHgGR3+z2eHFZOvQu68kTSpZLCEJmGXdSpU5rlveycQ6n8tk9ew=="],

    "@oxfmt/linux-arm64-gnu": ["@oxfmt/linux-arm64-gnu@0.20.0", "", { "os": "linux", "cpu": "arm64" }, "sha512-irE0RO9B0R6ziQE6kUVZtZ6IuTdRyuumn1cPWhDfpa0XUa5sE0ly8pjVsvJbj/J9qerVtidU05txeXBB5CirQg=="],

    "@oxfmt/linux-arm64-musl": ["@oxfmt/linux-arm64-musl@0.20.0", "", { "os": "linux", "cpu": "arm64" }, "sha512-eXPBLwYJm26DCmwMwhelEwQMRwuGNaYhYZOhd+CYYsmVoF+h6L6dtjwj0Ovuu0Gqh18EL8vfsaoUvb+jr3vEBg=="],

    "@oxfmt/linux-x64-gnu": ["@oxfmt/linux-x64-gnu@0.20.0", "", { "os": "linux", "cpu": "x64" }, "sha512-dTPW38Hjgb7LoD2mNgyQGBaJ1hu5YgPrxImhl5Eb04eiws+ETCM0wrb2TWGduA+Nv3rHKn3vZEkMTEjklZXgRw=="],

    "@oxfmt/linux-x64-musl": ["@oxfmt/linux-x64-musl@0.20.0", "", { "os": "linux", "cpu": "x64" }, "sha512-b4duw9JGDK/kZoqrPNU9tBOOZQdUW8KJPZ7gW7z54X1eGSqCJ1PT0XLNmZ7SOA1BzQwQ0a3qmQWfFVOsH3a5bw=="],

    "@oxfmt/win32-arm64": ["@oxfmt/win32-arm64@0.20.0", "", { "os": "win32", "cpu": "arm64" }, "sha512-XAzvBhw4K+Fe16dBaFgYAdob9WaM8RYEXl0ibbm5NlNaQEq+5bH9xwc0oaYlHFnLfcgXWmn9ceTAYqNlONQRNA=="],

    "@oxfmt/win32-x64": ["@oxfmt/win32-x64@0.20.0", "", { "os": "win32", "cpu": "x64" }, "sha512-fkJqHbJaoOMRmrjHSljyb4/7BgXO3xPLBsJSFGtm3mpfW0HHFbAKvd4/6njhqJz9KY+b3RWP1WssjFshcqQQ4w=="],

    "@petamoriken/float16": ["@petamoriken/float16@3.9.2", "", {}, "sha512-VgffxawQde93xKxT3qap3OH+meZf7VaSB5Sqd4Rqc+FP5alWbpOyan/7tRbOAvynjpG3GpdtAuGU/NdhQpmrog=="],

    "@rolldown/binding-android-arm64": ["@rolldown/binding-android-arm64@1.0.0-beta.56", "", { "os": "android", "cpu": "arm64" }, "sha512-GFsly+vPnl1Sa61sC2LwK4Hrz48W+YBqBmLSxBEj9IJW6nHNsWof1wwh1gwnxMIm/yN5F9M0B/cRAwn6rTINyg=="],

    "@rolldown/binding-darwin-arm64": ["@rolldown/binding-darwin-arm64@1.0.0-beta.56", "", { "os": "darwin", "cpu": "arm64" }, "sha512-8fSkk5g5MVZpddrH8hOyc9O5t5Dqv2Vi3Qe628xe+2zJedJxucUc5DX/KY1OVBRp8XY09LJO+J1V56LsxeBVPA=="],

    "@rolldown/binding-darwin-x64": ["@rolldown/binding-darwin-x64@1.0.0-beta.56", "", { "os": "darwin", "cpu": "x64" }, "sha512-R+Q5zd763MKvgYSkBfr2gr/3nZQENaK88qEqfRUUYrpq/W0okOpbOJaxn5FDIIS+yq3cjyktYm115I5RiI6G5A=="],

    "@rolldown/binding-freebsd-x64": ["@rolldown/binding-freebsd-x64@1.0.0-beta.56", "", { "os": "freebsd", "cpu": "x64" }, "sha512-YEsv0rfJoHHRNaVx6AfW/o4bmwTY7BJnSQ45rRCyU6DWEgvFZMojh6qzMQmW5ZVdcikE3cU1ZnrQQ2yem9H9Yg=="],

    "@rolldown/binding-linux-arm-gnueabihf": ["@rolldown/binding-linux-arm-gnueabihf@1.0.0-beta.56", "", { "os": "linux", "cpu": "arm" }, "sha512-mpaV+NCKcHUOkcAThvz1KiXcNshLQRSBLNNKqum2dG7oLZKk+z+02Fxa8BSuFFqq/rmmO6Fq2TPAdZUgOrwiqw=="],

    "@rolldown/binding-linux-arm64-gnu": ["@rolldown/binding-linux-arm64-gnu@1.0.0-beta.56", "", { "os": "linux", "cpu": "arm64" }, "sha512-wj1uQRN4GEhYw5cs0dobGzZg3oKMLuQ3hY3fW7cLzvlwi9XRdzW7NmU58e6YUp6boOQLarSxdmAaqCMgaMZfcQ=="],

    "@rolldown/binding-linux-arm64-musl": ["@rolldown/binding-linux-arm64-musl@1.0.0-beta.56", "", { "os": "linux", "cpu": "arm64" }, "sha512-Z2PWbAHjW2EUflb1/tPvouMqppwWF5Va1Y9b4GQpO6QlpGK0Wqmn90GO2VKiheDh/gSZlsxZ7uOZoXh2y8R7Kg=="],

    "@rolldown/binding-linux-x64-gnu": ["@rolldown/binding-linux-x64-gnu@1.0.0-beta.56", "", { "os": "linux", "cpu": "x64" }, "sha512-Z/uv04/Tsf7oqhwjPUiDiSildhWmCpsklA0e5PEB+0eGGmm07B+M2SmqRe9Fd0ypfU2TPGhq+Hn7RVUGIfSMxg=="],

    "@rolldown/binding-linux-x64-musl": ["@rolldown/binding-linux-x64-musl@1.0.0-beta.56", "", { "os": "linux", "cpu": "x64" }, "sha512-u+yP0Pt9ar3PkLGGiyGmQKVj9j20X0E831DY0OVmbKYHAAbTyLKYx+UIIorCm+SQnhGKfkD+0pmwfTc2t2Vt/g=="],

    "@rolldown/binding-openharmony-arm64": ["@rolldown/binding-openharmony-arm64@1.0.0-beta.56", "", { "os": "none", "cpu": "arm64" }, "sha512-Kuc6r5Uya+KxdJ7MUSok3K8zta/1bcsaSNxTvYujm2mWYuffadqgkkR3d0UCRbbCH5klZ+7VG6DR3VtPRlCntw=="],

    "@rolldown/binding-wasm32-wasi": ["@rolldown/binding-wasm32-wasi@1.0.0-beta.56", "", { "dependencies": { "@napi-rs/wasm-runtime": "^1.1.0" }, "cpu": "none" }, "sha512-pejT5oLj8xlfn8tjC3bJKeuAsk/un6GKwjbsBQG0AchefdaHf2+S4QRn8XfEMB1l1ZTbe5yEiiV92mr7Jdjaeg=="],

    "@rolldown/binding-win32-arm64-msvc": ["@rolldown/binding-win32-arm64-msvc@1.0.0-beta.56", "", { "os": "win32", "cpu": "arm64" }, "sha512-1NKkRLQR2ghmHMd+14nm1noOhoLei62pkdGlf1g4F+9lfFws66+9LBnP6Z+E+KK8Do9hzQ6FFRwtkC3EADAeyA=="],

    "@rolldown/binding-win32-x64-msvc": ["@rolldown/binding-win32-x64-msvc@1.0.0-beta.56", "", { "os": "win32", "cpu": "x64" }, "sha512-BC3mObCr7/O+1jMJ/Hm3INikBk5D25RTxCha10Rq8b1gHlBfb9eA460+7xQfc8FxUsMCUgHtvrK3Vs5izgwBOQ=="],

    "@rolldown/pluginutils": ["@rolldown/pluginutils@1.0.0-beta.56", "", {}, "sha512-cw9jwAgCs024Nic4OB8PeFDLBHLD1Athcv3bRvyYATIVD9B/gL5X5cJkezT94Y7m7Dk9HXaUMcvb7ypvSX46sA=="],

    "@tybys/wasm-util": ["@tybys/wasm-util@0.10.1", "", { "dependencies": { "tslib": "^2.4.0" } }, "sha512-9tTaPJLSiejZKx+Bmog4uSubteqTvFrVrURwkmHixBo0G4seD0zUxp98E1DzUBJxLQ3NPwXrGKDiVjwx/DpPsg=="],

    "@types/geojson": ["@types/geojson@7946.0.16", "", {}, "sha512-6C8nqWur3j98U6+lXDfTUWIfgvZU+EumvpHKcYjujKH7woYyLj2sUmff0tRhrqM7BohUw7Pz3ZB1jj2gW9Fvmg=="],

    "@types/rbush": ["@types/rbush@4.0.0", "", {}, "sha512-+N+2H39P8X+Hy1I5mC6awlTX54k3FhiUmvt7HWzGJZvF+syUAAxP/stwppS8JE84YHqFgRMv6fCy31202CMFxQ=="],

    "detect-libc": ["detect-libc@2.0.4", "", {}, "sha512-3UDv+G9CsCKO1WKMGw9fwq/SWJYbI0c5Y7LU1AXYoDdbhE2AHQ6N6Nb34sG8Fj7T5APy8qXDCKuuIHd1BR0tVA=="],

    "earcut": ["earcut@3.0.2", "", {}, "sha512-X7hshQbLyMJ/3RPhyObLARM2sNxxmRALLKx1+NVFFnQ9gKzmCrxm9+uLIAdBcvc8FNLpctqlQ2V6AE92Ol9UDQ=="],

    "fdir": ["fdir@6.5.0", "", { "peerDependencies": { "picomatch": "^3 || ^4" }, "optionalPeers": ["picomatch"] }, "sha512-tIbYtZbucOs0BRGqPJkshJUYdL+SDH7dVM8gjy+ERp3WAUjLEFJE+02kanyHtwjWOnwrKYBiwAmM0p4kLJAnXg=="],

    "fflate": ["fflate@0.8.2", "", {}, "sha512-cPJU47OaAoCbg0pBvzsgpTPhmhqI5eJjh/JIu8tPj5q+T7iLvW/JAYUqmE7KOB4R1ZyEhzBaIQpQpardBF5z8A=="],

    "fsevents": ["fsevents@2.3.3", "", { "os": "darwin" }, "sha512-5xoDfX+fL7faATnagmWPpbFtwh/R77WmMMqqHGS65C3vvB0YHrgF+B1YmZ3441tMj5n63k0212XNoJwzlhffQw=="],

    "geotiff": ["geotiff@2.1.3", "", { "dependencies": { "@petamoriken/float16": "^3.4.7", "lerc": "^3.0.0", "pako": "^2.0.4", "parse-headers": "^2.0.2", "quick-lru": "^6.1.1", "web-worker": "^1.2.0", "xml-utils": "^1.0.2", "zstddec": "^0.1.0" } }, "sha512-PT6uoF5a1+kbC3tHmZSUsLHBp2QJlHasxxxxPW47QIY1VBKpFB+FcDvX+MxER6UzgLQZ0xDzJ9s48B9JbOCTqA=="],

    "husky": ["husky@9.1.7", "", { "bin": { "husky": "bin.js" } }, "sha512-5gs5ytaNjBrh5Ow3zrvdUUY+0VxIuWVL4i9irt6friV+BqdCfmV11CQTWMiBYWHbXhco+J1kHfTOUkePhCDvMA=="],

    "lerc": ["lerc@3.0.0", "", {}, "sha512-Rm4J/WaHhRa93nCN2mwWDZFoRVF18G1f47C+kvQWyHGEZxFpTUi73p7lMVSAndyxGt6lJ2/CFbOcf9ra5p8aww=="],

    "lightningcss": ["lightningcss@1.30.2", "", { "dependencies": { "detect-libc": "^2.0.3" }, "optionalDependencies": { "lightningcss-android-arm64": "1.30.2", "lightningcss-darwin-arm64": "1.30.2", "lightningcss-darwin-x64": "1.30.2", "lightningcss-freebsd-x64": "1.30.2", "lightningcss-linux-arm-gnueabihf": "1.30.2", "lightningcss-linux-arm64-gnu": "1.30.2", "lightningcss-linux-arm64-musl": "1.30.2", "lightningcss-linux-x64-gnu": "1.30.2", "lightningcss-linux-x64-musl": "1.30.2", "lightningcss-win32-arm64-msvc": "1.30.2", "lightningcss-win32-x64-msvc": "1.30.2" } }, "sha512-utfs7Pr5uJyyvDETitgsaqSyjCb2qNRAtuqUeWIAKztsOYdcACf2KtARYXg2pSvhkt+9NfoaNY7fxjl6nuMjIQ=="],

    "lightningcss-android-arm64": ["lightningcss-android-arm64@1.30.2", "", { "os": "android", "cpu": "arm64" }, "sha512-BH9sEdOCahSgmkVhBLeU7Hc9DWeZ1Eb6wNS6Da8igvUwAe0sqROHddIlvU06q3WyXVEOYDZ6ykBZQnjTbmo4+A=="],

    "lightningcss-darwin-arm64": ["lightningcss-darwin-arm64@1.30.2", "", { "os": "darwin", "cpu": "arm64" }, "sha512-ylTcDJBN3Hp21TdhRT5zBOIi73P6/W0qwvlFEk22fkdXchtNTOU4Qc37SkzV+EKYxLouZ6M4LG9NfZ1qkhhBWA=="],

    "lightningcss-darwin-x64": ["lightningcss-darwin-x64@1.30.2", "", { "os": "darwin", "cpu": "x64" }, "sha512-oBZgKchomuDYxr7ilwLcyms6BCyLn0z8J0+ZZmfpjwg9fRVZIR5/GMXd7r9RH94iDhld3UmSjBM6nXWM2TfZTQ=="],

    "lightningcss-freebsd-x64": ["lightningcss-freebsd-x64@1.30.2", "", { "os": "freebsd", "cpu": "x64" }, "sha512-c2bH6xTrf4BDpK8MoGG4Bd6zAMZDAXS569UxCAGcA7IKbHNMlhGQ89eRmvpIUGfKWNVdbhSbkQaWhEoMGmGslA=="],

    "lightningcss-linux-arm-gnueabihf": ["lightningcss-linux-arm-gnueabihf@1.30.2", "", { "os": "linux", "cpu": "arm" }, "sha512-eVdpxh4wYcm0PofJIZVuYuLiqBIakQ9uFZmipf6LF/HRj5Bgm0eb3qL/mr1smyXIS1twwOxNWndd8z0E374hiA=="],

    "lightningcss-linux-arm64-gnu": ["lightningcss-linux-arm64-gnu@1.30.2", "", { "os": "linux", "cpu": "arm64" }, "sha512-UK65WJAbwIJbiBFXpxrbTNArtfuznvxAJw4Q2ZGlU8kPeDIWEX1dg3rn2veBVUylA2Ezg89ktszWbaQnxD/e3A=="],

    "lightningcss-linux-arm64-musl": ["lightningcss-linux-arm64-musl@1.30.2", "", { "os": "linux", "cpu": "arm64" }, "sha512-5Vh9dGeblpTxWHpOx8iauV02popZDsCYMPIgiuw97OJ5uaDsL86cnqSFs5LZkG3ghHoX5isLgWzMs+eD1YzrnA=="],

    "lightningcss-linux-x64-gnu": ["lightningcss-linux-x64-gnu@1.30.2", "", { "os": "linux", "cpu": "x64" }, "sha512-Cfd46gdmj1vQ+lR6VRTTadNHu6ALuw2pKR9lYq4FnhvgBc4zWY1EtZcAc6EffShbb1MFrIPfLDXD6Xprbnni4w=="],

    "lightningcss-linux-x64-musl": ["lightningcss-linux-x64-musl@1.30.2", "", { "os": "linux", "cpu": "x64" }, "sha512-XJaLUUFXb6/QG2lGIW6aIk6jKdtjtcffUT0NKvIqhSBY3hh9Ch+1LCeH80dR9q9LBjG3ewbDjnumefsLsP6aiA=="],

    "lightningcss-win32-arm64-msvc": ["lightningcss-win32-arm64-msvc@1.30.2", "", { "os": "win32", "cpu": "arm64" }, "sha512-FZn+vaj7zLv//D/192WFFVA0RgHawIcHqLX9xuWiQt7P0PtdFEVaxgF9rjM/IRYHQXNnk61/H/gb2Ei+kUQ4xQ=="],

    "lightningcss-win32-x64-msvc": ["lightningcss-win32-x64-msvc@1.30.2", "", { "os": "win32", "cpu": "x64" }, "sha512-5g1yc73p+iAkid5phb4oVFMB45417DkRevRbt/El/gKXJk4jid+vPFF/AXbxn05Aky8PapwzZrdJShv5C0avjw=="],

    "nanoid": ["nanoid@3.3.11", "", { "bin": { "nanoid": "bin/nanoid.cjs" } }, "sha512-N8SpfPUnUp1bK+PMYW8qSWdl9U+wwNWI4QKxOYDy9JAro3WMX7p2OeVRF9v+347pnakNevPmiHhNmZ2HbFA76w=="],

    "ol": ["ol@10.6.1", "", { "dependencies": { "@types/rbush": "4.0.0", "earcut": "^3.0.0", "geotiff": "^2.1.3", "pbf": "4.0.1", "rbush": "^4.0.0" } }, "sha512-xp174YOwPeLj7c7/8TCIEHQ4d41tgTDDhdv6SqNdySsql5/MaFJEJkjlsYcvOPt7xA6vrum/QG4UdJ0iCGT1cg=="],

    "ol-ext": ["ol-ext@4.0.34", "", { "peerDependencies": { "ol": ">= 5.3.0" } }, "sha512-jNxo5g9B8ulu5E9FZUZOvofq7ybXpsSSOGoILVN4Q2gP20H6eOkR/1i7lEYh0jtF5ETVO/TI1uvqlA9FpzQO4A=="],

    "ol-pmtiles": ["ol-pmtiles@2.0.2", "", { "dependencies": { "pmtiles": "^4.3.0" }, "peerDependencies": { "ol": ">=9.0.0" } }, "sha512-UVGEHoSi8mCGiDUyfqZmx+lbDwXtSwpEeGNQAzIZskEJ8tQeOGFcezisRTjJc1wu5KnT7ckpDLQePqA6LUi/ow=="],

    "oxfmt": ["oxfmt@0.20.0", "", { "dependencies": { "tinypool": "2.0.0" }, "optionalDependencies": { "@oxfmt/darwin-arm64": "0.20.0", "@oxfmt/darwin-x64": "0.20.0", "@oxfmt/linux-arm64-gnu": "0.20.0", "@oxfmt/linux-arm64-musl": "0.20.0", "@oxfmt/linux-x64-gnu": "0.20.0", "@oxfmt/linux-x64-musl": "0.20.0", "@oxfmt/win32-arm64": "0.20.0", "@oxfmt/win32-x64": "0.20.0" }, "bin": { "oxfmt": "bin/oxfmt" } }, "sha512-+7f8eV8iaK3tENN/FUVxZM1g78HjPehybN8/+/dvEA1O893Dcvk6O7/Q1wTQOHMD7wvdwWdujKl+Uo8QMiKDrQ=="],

    "pako": ["pako@2.1.0", "", {}, "sha512-w+eufiZ1WuJYgPXbV/PO3NCMEc3xqylkKHzp8bxp1uW4qaSNQUkwmLLEc3kKsfz8lpV1F8Ht3U1Cm+9Srog2ug=="],

    "parse-headers": ["parse-headers@2.0.6", "", {}, "sha512-Tz11t3uKztEW5FEVZnj1ox8GKblWn+PvHY9TmJV5Mll2uHEwRdR/5Li1OlXoECjLYkApdhWy44ocONwXLiKO5A=="],

    "pbf": ["pbf@4.0.1", "", { "dependencies": { "resolve-protobuf-schema": "^2.1.0" }, "bin": { "pbf": "bin/pbf" } }, "sha512-SuLdBvS42z33m8ejRbInMapQe8n0D3vN/Xd5fmWM3tufNgRQFBpaW2YVJxQZV4iPNqb0vEFvssMEo5w9c6BTIA=="],

    "picocolors": ["picocolors@1.1.1", "", {}, "sha512-xceH2snhtb5M9liqDsmEw56le376mTZkEX/jEb/RxNFyegNul7eNslCXP9FDj/Lcu0X8KEyMceP2ntpaHrDEVA=="],

    "picomatch": ["picomatch@4.0.3", "", {}, "sha512-5gTmgEY/sqK6gFXLIsQNH19lWb4ebPDLA4SdLP7dsWkIXHWlG66oPuVvXSGFPppYZz8ZDZq0dYYrbHfBCVUb1Q=="],

    "pmtiles": ["pmtiles@4.3.0", "", { "dependencies": { "fflate": "^0.8.2" } }, "sha512-wnzQeSiYT/MyO63o7AVxwt7+uKqU0QUy2lHrivM7GvecNy0m1A4voVyGey7bujnEW5Hn+ZzLdvHPoFaqrOzbPA=="],

    "postcss": ["postcss@8.5.6", "", { "dependencies": { "nanoid": "^3.3.11", "picocolors": "^1.1.1", "source-map-js": "^1.2.1" } }, "sha512-3Ybi1tAuwAP9s0r1UQ2J4n5Y0G05bJkpUIO0/bI9MhwmD70S5aTWbXGBwxHrelT+XM1k6dM0pk+SwNkpTRN7Pg=="],

    "protocol-buffers-schema": ["protocol-buffers-schema@3.6.0", "", {}, "sha512-TdDRD+/QNdrCGCE7v8340QyuXd4kIWIgapsE2+n/SaGiSSbomYl4TjHlvIoCWRpE7wFt02EpB35VVA2ImcBVqw=="],

    "quick-lru": ["quick-lru@6.1.2", "", {}, "sha512-AAFUA5O1d83pIHEhJwWCq/RQcRukCkn/NSm2QsTEMle5f2hP0ChI2+3Xb051PZCkLryI/Ir1MVKviT2FIloaTQ=="],

    "quickselect": ["quickselect@3.0.0", "", {}, "sha512-XdjUArbK4Bm5fLLvlm5KpTFOiOThgfWWI4axAZDWg4E/0mKdZyI9tNEfds27qCi1ze/vwTR16kvmmGhRra3c2g=="],

    "rbush": ["rbush@4.0.1", "", { "dependencies": { "quickselect": "^3.0.0" } }, "sha512-IP0UpfeWQujYC8Jg162rMNc01Rf0gWMMAb2Uxus/Q0qOFw4lCcq6ZnQEZwUoJqWyUGJ9th7JjwI4yIWo+uvoAQ=="],

    "resolve-protobuf-schema": ["resolve-protobuf-schema@2.1.0", "", { "dependencies": { "protocol-buffers-schema": "^3.3.1" } }, "sha512-kI5ffTiZWmJaS/huM8wZfEMer1eRd7oJQhDuxeCLe3t7N7mX3z94CN0xPxBQxFYQTSNz9T0i+v6inKqSdK8xrQ=="],

    "rolldown": ["rolldown@1.0.0-beta.56", "", { "dependencies": { "@oxc-project/types": "=0.103.0", "@rolldown/pluginutils": "1.0.0-beta.56" }, "optionalDependencies": { "@rolldown/binding-android-arm64": "1.0.0-beta.56", "@rolldown/binding-darwin-arm64": "1.0.0-beta.56", "@rolldown/binding-darwin-x64": "1.0.0-beta.56", "@rolldown/binding-freebsd-x64": "1.0.0-beta.56", "@rolldown/binding-linux-arm-gnueabihf": "1.0.0-beta.56", "@rolldown/binding-linux-arm64-gnu": "1.0.0-beta.56", "@rolldown/binding-linux-arm64-musl": "1.0.0-beta.56", "@rolldown/binding-linux-x64-gnu": "1.0.0-beta.56", "@rolldown/binding-linux-x64-musl": "1.0.0-beta.56", "@rolldown/binding-openharmony-arm64": "1.0.0-beta.56", "@rolldown/binding-wasm32-wasi": "1.0.0-beta.56", "@rolldown/binding-win32-arm64-msvc": "1.0.0-beta.56", "@rolldown/binding-win32-x64-msvc": "1.0.0-beta.56" }, "bin": { "rolldown": "bin/cli.mjs" } }, "sha512-9MHiUvRH2R8rb6ad6EaLxahS3RbQKdMMlrh9XKmbz2HiCGfK4IWKSNv4N6GhYr+7kHExg6oIc5EF1xA3iR4x1A=="],

    "source-map-js": ["source-map-js@1.2.1", "", {}, "sha512-UXWMKhLOwVKb728IUtQPXxfYU+usdybtUrK/8uGE8CQMvrhOpwvzDBwj0QhSL7MQc7vIsISBG8VQ8+IDQxpfQA=="],

    "tinyglobby": ["tinyglobby@0.2.15", "", { "dependencies": { "fdir": "^6.5.0", "picomatch": "^4.0.3" } }, "sha512-j2Zq4NyQYG5XMST4cbs02Ak8iJUdxRM0XI5QyxXuZOzKOINmWurp3smXu3y5wDcJrptwpSjgXHzIQxR0omXljQ=="],

    "tinypool": ["tinypool@2.0.0", "", {}, "sha512-/RX9RzeH2xU5ADE7n2Ykvmi9ED3FBGPAjw9u3zucrNNaEBIO0HPSYgL0NT7+3p147ojeSdaVu08F6hjpv31HJg=="],

    "tslib": ["tslib@2.8.1", "", {}, "sha512-oJFu94HQb+KVduSUQL7wnpmqnfmLsOA/nAh6b6EH0wCEoK0/mPeXU6c3wKDV83MkOuHPRHtSXKKU99IBazS/2w=="],

    "vite": ["vite@8.0.0-beta.4", "", { "dependencies": { "@oxc-project/runtime": "0.103.0", "fdir": "^6.5.0", "lightningcss": "^1.30.2", "picomatch": "^4.0.3", "postcss": "^8.5.6", "rolldown": "1.0.0-beta.56", "tinyglobby": "^0.2.15" }, "optionalDependencies": { "fsevents": "~2.3.3" }, "peerDependencies": { "@types/node": "^20.19.0 || >=22.12.0", "esbuild": "^0.25.0", "jiti": ">=1.21.0", "less": "^4.0.0", "sass": "^1.70.0", "sass-embedded": "^1.70.0", "stylus": ">=0.54.8", "sugarss": "^5.0.0", "terser": "^5.16.0", "tsx": "^4.8.1", "yaml": "^2.4.2" }, "optionalPeers": ["@types/node", "esbuild", "jiti", "less", "sass", "sass-embedded", "stylus", "sugarss", "terser", "tsx", "yaml"], "bin": { "vite": "bin/vite.js" } }, "sha512-fTUZD8GE4HLfiq4JnQoHYPQozsVzD6AfMhqnzG0+whHaM2HVSuS8rPlFdptONr4YDfnsbPigEiyDQ6ngmCtOYQ=="],

    "web-worker": ["web-worker@1.5.0", "", {}, "sha512-RiMReJrTAiA+mBjGONMnjVDP2u3p9R1vkcGz6gDIrOMT3oGuYwX2WRMYI9ipkphSuE5XKEhydbhNEJh4NY9mlw=="],

    "xml-utils": ["xml-utils@1.10.2", "", {}, "sha512-RqM+2o1RYs6T8+3DzDSoTRAUfrvaejbVHcp3+thnAtDKo8LskR+HomLajEy5UjTz24rpka7AxVBRR3g2wTUkJA=="],

    "zstddec": ["zstddec@0.1.0", "", {}, "sha512-w2NTI8+3l3eeltKAdK8QpiLo/flRAr2p8AGeakfMZOXBxOg9HIu4LVDxBi81sYgVhFhdJjv1OrB5ssI8uFPoLg=="],
  }
}
