{
  "name": "bldrwnsch",
  "version": "1.0.0",
  "lockfileVersion": 1,
  "requires": true,
  "dependencies": {
    "kdbush": {
      "version": "1.0.1",
      "resolved": "https://registry.npmjs.org/kdbush/-/kdbush-1.0.1.tgz",
      "integrity": "sha1-PL0D6d6tnA9vZszblkUOXOzGQOA="
    },
    "leaflet": {
      "version": "1.3.1",
      "resolved": "https://registry.npmjs.org/leaflet/-/leaflet-1.3.1.tgz",
      "integrity": "sha512-adQOIzh+bfdridLM1xIgJ9VnJbAUY3wqs/ueF+ITla+PLQ1z47USdBKUf+iD9FuUA8RtlT6j6hZBfZoA6mW+XQ=="
    },
    "leaflet-control-geocoder": {
      "version": "1.5.8",
      "resolved": "https://registry.npmjs.org/leaflet-control-geocoder/-/leaflet-control-geocoder-1.5.8.tgz",
      "integrity": "sha512-RS7SjP6M2aombxfUu0EwZxsyxZajp71eU3m9pU0pIeJccy719bwbbh9UG5N752IWaQwoz6/Z4cPZ6NpVXVugSA=="
    },
    "leaflet-hash": {
      "version": "0.2.1",
      "resolved": "https://registry.npmjs.org/leaflet-hash/-/leaflet-hash-0.2.1.tgz",
      "integrity": "sha1-w2xxg0fFJDAztXy0uuomEZ2CxwE="
    },
    "leaflet.locatecontrol": {
      "version": "0.62.0",
      "resolved": "https://registry.npmjs.org/leaflet.locatecontrol/-/leaflet.locatecontrol-0.62.0.tgz",
      "integrity": "sha512-coatKzdlrWAnlrOyy+38K9VhcSs/r/UDH32Q+mD07wvNAzrfBiaVYJhtHfqUWsVU8xKRuza/1nMbWWH54Ey6Sw=="
    },
    "promise-polyfill": {
      "version": "7.1.2",
      "resolved": "https://registry.npmjs.org/promise-polyfill/-/promise-polyfill-7.1.2.tgz",
      "integrity": "sha512-FuEc12/eKqqoRYIGBrUptCBRhobL19PS2U31vMNTfyck1FxPyMfgsXyW4Mav85y/ZN1hop3hOwRlUDok23oYfQ=="
    },
    "supercluster": {
      "version": "3.0.2",
      "resolved": "https://registry.npmjs.org/supercluster/-/supercluster-3.0.2.tgz",
      "integrity": "sha512-3Fm2/9YcoCE26M4FlSkGU7xYYpDAFWlxaChdx31h0I08ywRhcF2W1NKbsi+APqaxxn8TSXH/HvMhl4nEf+9lJA==",
      "requires": {
        "kdbush": "^1.0.1"
      }
    },
    "whatwg-fetch": {
      "version": "2.0.4",
      "resolved": "https://registry.npmjs.org/whatwg-fetch/-/whatwg-fetch-2.0.4.tgz",
      "integrity": "sha512-dcQ1GWpOD/eEQ97k66aiEVpNnapVj90/+R+SXTPYGHpYBBypfKJEQjLrvMZ7YXbKm21gXd4NcuxUTjiv1YtLng=="
    }
  }
}
